<?xml version="1.0" encoding="utf-8"?>
<Project ToolsVersion="4.0" xmlns="http://schemas.microsoft.com/developer/msbuild/2003">
  <ItemGroup>
    <ClCompile Include="GameEngineDebug.cpp" />
    <ClCompile Include="GameEngineRandom.cpp" />
    <ClCompile Include="GameEngineString.cpp" />
  </ItemGroup>
  <ItemGroup>
    <ClInclude Include="GameEngineDebug.h" />
    <ClInclude Include="GameEngineRandom.h" />
    <ClInclude Include="GameEngineString.h" />
  </ItemGroup>
</Project>