<?xml version="1.0" encoding="utf-8"?>
<Project ToolsVersion="4.0" xmlns="http://schemas.microsoft.com/developer/msbuild/2003">
  <ItemGroup>
    <ClInclude Include="TitleLevel.h">
      <Filter>Level</Filter>
    </ClInclude>
    <ClInclude Include="FirstStageLevel.h">
      <Filter>Level</Filter>
    </ClInclude>
    <ClInclude Include="SecondStageLevel.h">
      <Filter>Level</Filter>
    </ClInclude>
    <ClInclude Include="BossStageLevel.h">
      <Filter>Level</Filter>
    </ClInclude>
    <ClInclude Include="EndingLevel.h">
      <Filter>Level</Filter>
    </ClInclude>
    <ClInclude Include="KirbyCore.h" />
    <ClInclude Include="KirbyGameEnum.h" />
    <ClInclude Include="BackGround.h">
      <Filter>Actor</Filter>
    </ClInclude>
    <ClInclude Include="KirbyGameMap.h">
      <Filter>Actor\Map</Filter>
    </ClInclude>
    <ClInclude Include="Monster.h">
      <Filter>Actor\Monster</Filter>
    </ClInclude>
    <ClInclude Include="KirbyNormal.h">
      <Filter>Actor\KirbyForm</Filter>
    </ClInclude>
  </ItemGroup>
  <ItemGroup>
    <ClCompile Include="TitleLevel.cpp">
      <Filter>Level</Filter>
    </ClCompile>
    <ClCompile Include="FirstStageLevel.cpp">
      <Filter>Level</Filter>
    </ClCompile>
    <ClCompile Include="SecondStageLevel.cpp">
      <Filter>Level</Filter>
    </ClCompile>
    <ClCompile Include="BossStageLevel.cpp">
      <Filter>Level</Filter>
    </ClCompile>
    <ClCompile Include="EndingLevel.cpp">
      <Filter>Level</Filter>
    </ClCompile>
    <ClCompile Include="KirbyCore.cpp" />
    <ClCompile Include="BackGround.cpp">
      <Filter>Actor</Filter>
    </ClCompile>
    <ClCompile Include="KirbyGameMap.cpp">
      <Filter>Actor\Map</Filter>
    </ClCompile>
    <ClCompile Include="Monster.cpp">
      <Filter>Actor\Monster</Filter>
    </ClCompile>
    <ClCompile Include="KirbyNormal.cpp">
      <Filter>Actor\KirbyForm</Filter>
    </ClCompile>
  </ItemGroup>
  <ItemGroup>
    <Filter Include="Level">
      <UniqueIdentifier>{d5f0921c-9f50-4a4f-bef0-c360771f6c1c}</UniqueIdentifier>
    </Filter>
    <Filter Include="Actor">
      <UniqueIdentifier>{e57817f0-f32e-424e-9703-c33237c1cf7d}</UniqueIdentifier>
    </Filter>
    <Filter Include="Actor\KirbyForm">
      <UniqueIdentifier>{606bd203-8d06-42b2-a48e-4d03b3cebd8a}</UniqueIdentifier>
    </Filter>
    <Filter Include="Actor\Monster">
      <UniqueIdentifier>{a3e97866-4d90-4043-a28a-fd68b7c99eba}</UniqueIdentifier>
    </Filter>
    <Filter Include="Actor\Map">
      <UniqueIdentifier>{3767a70c-d7f0-4932-8def-4b0c95b65e7b}</UniqueIdentifier>
    </Filter>
  </ItemGroup>
</Project>