<?xml version="1.0" encoding="utf-8"?>
<Project ToolsVersion="4.0" xmlns="http://schemas.microsoft.com/developer/msbuild/2003">
  <ItemGroup>
    <ClInclude Include="TitleLevel.h">
      <Filter>Level</Filter>
    </ClInclude>
    <ClInclude Include="FirstStageLevel.h">
      <Filter>Level</Filter>
    </ClInclude>
    <ClInclude Include="SecondStageLevel.h">
      <Filter>Level</Filter>
    </ClInclude>
    <ClInclude Include="BossStageLevel.h">
      <Filter>Level</Filter>
    </ClInclude>
    <ClInclude Include="EndingLevel.h">
      <Filter>Level</Filter>
    </ClInclude>
    <ClInclude Include="KirbyCore.h" />
    <ClInclude Include="KirbyGameEnum.h" />
    <ClInclude Include="ActorEnum.h">
      <Filter>Global</Filter>
    </ClInclude>
    <ClInclude Include="Monster.h">
      <Filter>Monster</Filter>
    </ClInclude>
    <ClInclude Include="FireMonster.h">
      <Filter>Monster\Fire</Filter>
    </ClInclude>
    <ClInclude Include="IceMonster.h">
      <Filter>Monster\Ice</Filter>
    </ClInclude>
    <ClInclude Include="SparkMonster.h">
      <Filter>Monster\Spark</Filter>
    </ClInclude>
    <ClInclude Include="TornadoMonster.h">
      <Filter>Monster\Tornado</Filter>
    </ClInclude>
    <ClInclude Include="FireKirby.h">
      <Filter>Player\Form\Fire</Filter>
    </ClInclude>
    <ClInclude Include="IceKirby.h">
      <Filter>Player\Form\Ice</Filter>
    </ClInclude>
    <ClInclude Include="SparkKirby.h">
      <Filter>Player\Form\Spark</Filter>
    </ClInclude>
    <ClInclude Include="TornadoKirby.h">
      <Filter>Player\Form\Tornado</Filter>
    </ClInclude>
    <ClInclude Include="Kirby.h">
      <Filter>Player</Filter>
    </ClInclude>
    <ClInclude Include="BackGround.h">
      <Filter>Global\Scene</Filter>
    </ClInclude>
    <ClInclude Include="Ground.h">
      <Filter>Global\Scene</Filter>
    </ClInclude>
    <ClInclude Include="SubLevel.h">
      <Filter>Global</Filter>
    </ClInclude>
    <ClInclude Include="FormKirby.h">
      <Filter>Player\Form</Filter>
    </ClInclude>
    <ClInclude Include="AttackObject.h">
      <Filter>Player</Filter>
    </ClInclude>
    <ClInclude Include="AttackMonster.h">
      <Filter>Monster</Filter>
    </ClInclude>
    <ClInclude Include="BaseActor.h">
      <Filter>Global</Filter>
    </ClInclude>
    <ClInclude Include="IceObject.h">
      <Filter>Player\Form\Ice</Filter>
    </ClInclude>
    <ClInclude Include="BossMonster.h">
      <Filter>Monster\Boss</Filter>
    </ClInclude>
    <ClInclude Include="BossAttackObject.h">
      <Filter>Monster\Boss\BossAttackObject</Filter>
    </ClInclude>
    <ClInclude Include="KirbyUI.h">
      <Filter>UI</Filter>
    </ClInclude>
    <ClInclude Include="LifeCountPlusItem.h">
      <Filter>Item</Filter>
    </ClInclude>
    <ClInclude Include="HealItem.h">
      <Filter>Item</Filter>
    </ClInclude>
    <ClInclude Include="EndingItem.h">
      <Filter>Item</Filter>
    </ClInclude>
    <ClInclude Include="BossUI.h">
      <Filter>UI</Filter>
    </ClInclude>
    <ClInclude Include="FadeObject.h">
      <Filter>Global</Filter>
    </ClInclude>
  </ItemGroup>
  <ItemGroup>
    <ClCompile Include="TitleLevel.cpp">
      <Filter>Level</Filter>
    </ClCompile>
    <ClCompile Include="FirstStageLevel.cpp">
      <Filter>Level</Filter>
    </ClCompile>
    <ClCompile Include="SecondStageLevel.cpp">
      <Filter>Level</Filter>
    </ClCompile>
    <ClCompile Include="BossStageLevel.cpp">
      <Filter>Level</Filter>
    </ClCompile>
    <ClCompile Include="EndingLevel.cpp">
      <Filter>Level</Filter>
    </ClCompile>
    <ClCompile Include="KirbyCore.cpp" />
    <ClCompile Include="Monster_State.cpp">
      <Filter>Monster</Filter>
    </ClCompile>
    <ClCompile Include="Monster.cpp">
      <Filter>Monster</Filter>
    </ClCompile>
    <ClCompile Include="FireMonster.cpp">
      <Filter>Monster\Fire</Filter>
    </ClCompile>
    <ClCompile Include="IceMonster.cpp">
      <Filter>Monster\Ice</Filter>
    </ClCompile>
    <ClCompile Include="SparkMonster.cpp">
      <Filter>Monster\Spark</Filter>
    </ClCompile>
    <ClCompile Include="SparkMonster_State.cpp">
      <Filter>Monster\Spark</Filter>
    </ClCompile>
    <ClCompile Include="TornadoMonster.cpp">
      <Filter>Monster\Tornado</Filter>
    </ClCompile>
    <ClCompile Include="IceMonster_State.cpp">
      <Filter>Monster\Ice</Filter>
    </ClCompile>
    <ClCompile Include="FireKirby.cpp">
      <Filter>Player\Form\Fire</Filter>
    </ClCompile>
    <ClCompile Include="FireKirby_State.cpp">
      <Filter>Player\Form\Fire</Filter>
    </ClCompile>
    <ClCompile Include="IceKirby.cpp">
      <Filter>Player\Form\Ice</Filter>
    </ClCompile>
    <ClCompile Include="IceKirby_State.cpp">
      <Filter>Player\Form\Ice</Filter>
    </ClCompile>
    <ClCompile Include="SparkKirby.cpp">
      <Filter>Player\Form\Spark</Filter>
    </ClCompile>
    <ClCompile Include="SparkKirby_State.cpp">
      <Filter>Player\Form\Spark</Filter>
    </ClCompile>
    <ClCompile Include="TornadoKirby.cpp">
      <Filter>Player\Form\Tornado</Filter>
    </ClCompile>
    <ClCompile Include="TornadoKirby_State.cpp">
      <Filter>Player\Form\Tornado</Filter>
    </ClCompile>
    <ClCompile Include="TornadoMonster_State.cpp">
      <Filter>Monster\Tornado</Filter>
    </ClCompile>
    <ClCompile Include="Kirby.cpp">
      <Filter>Player</Filter>
    </ClCompile>
    <ClCompile Include="Kirby_Attack_State.cpp">
      <Filter>Player</Filter>
    </ClCompile>
    <ClCompile Include="Kirby_Base_State.cpp">
      <Filter>Player</Filter>
    </ClCompile>
    <ClCompile Include="Kirby_Fly_State.cpp">
      <Filter>Player</Filter>
    </ClCompile>
    <ClCompile Include="Kirby_Jump_State.cpp">
      <Filter>Player</Filter>
    </ClCompile>
    <ClCompile Include="Kirby_Keep_State.cpp">
      <Filter>Player</Filter>
    </ClCompile>
    <ClCompile Include="Kirby_Move_State.cpp">
      <Filter>Player</Filter>
    </ClCompile>
    <ClCompile Include="FireMonster_State.cpp">
      <Filter>Monster\Fire</Filter>
    </ClCompile>
    <ClCompile Include="BackGround.cpp">
      <Filter>Global\Scene</Filter>
    </ClCompile>
    <ClCompile Include="Ground.cpp">
      <Filter>Global\Scene</Filter>
    </ClCompile>
    <ClCompile Include="SubLevel.cpp">
      <Filter>Global</Filter>
    </ClCompile>
    <ClCompile Include="FormKirby.cpp">
      <Filter>Player\Form</Filter>
    </ClCompile>
    <ClCompile Include="AttackObject.cpp">
      <Filter>Player</Filter>
    </ClCompile>
    <ClCompile Include="AttackMonster.cpp">
      <Filter>Monster</Filter>
    </ClCompile>
    <ClCompile Include="BaseActor.cpp">
      <Filter>Global</Filter>
    </ClCompile>
    <ClCompile Include="Kirby_Damage_State.cpp">
      <Filter>Player</Filter>
    </ClCompile>
    <ClCompile Include="IceObject.cpp">
      <Filter>Player\Form\Ice</Filter>
    </ClCompile>
    <ClCompile Include="BossMonster.cpp">
      <Filter>Monster\Boss</Filter>
    </ClCompile>
    <ClCompile Include="Boss_Base_State.cpp">
      <Filter>Monster\Boss</Filter>
    </ClCompile>
    <ClCompile Include="Boss_Jump_State.cpp">
      <Filter>Monster\Boss</Filter>
    </ClCompile>
    <ClCompile Include="Boss_Attack_State.cpp">
      <Filter>Monster\Boss</Filter>
    </ClCompile>
    <ClCompile Include="Boss_Damage_State.cpp">
      <Filter>Monster\Boss</Filter>
    </ClCompile>
    <ClCompile Include="Boss_Summon_State.cpp">
      <Filter>Monster\Boss</Filter>
    </ClCompile>
    <ClCompile Include="BossAttackObject.cpp">
      <Filter>Monster\Boss\BossAttackObject</Filter>
    </ClCompile>
    <ClCompile Include="Boss_Fly_State.cpp">
      <Filter>Monster\Boss</Filter>
    </ClCompile>
    <ClCompile Include="KirbyUI.cpp">
      <Filter>UI</Filter>
    </ClCompile>
    <ClCompile Include="LifeCountPlusItem.cpp">
      <Filter>Item</Filter>
    </ClCompile>
    <ClCompile Include="HealItem.cpp">
      <Filter>Item</Filter>
    </ClCompile>
    <ClCompile Include="EndingItem.cpp">
      <Filter>Item</Filter>
    </ClCompile>
    <ClCompile Include="BossUI.cpp">
      <Filter>UI</Filter>
    </ClCompile>
    <ClCompile Include="FadeObject.cpp">
      <Filter>Global</Filter>
    </ClCompile>
  </ItemGroup>
  <ItemGroup>
    <Filter Include="Level">
      <UniqueIdentifier>{d5f0921c-9f50-4a4f-bef0-c360771f6c1c}</UniqueIdentifier>
    </Filter>
    <Filter Include="Global">
      <UniqueIdentifier>{ca9be298-be3d-402d-8a7c-07e3a4839929}</UniqueIdentifier>
    </Filter>
    <Filter Include="Monster">
      <UniqueIdentifier>{6cfa2133-0f4c-4c27-b86d-213a1eb99fa8}</UniqueIdentifier>
    </Filter>
    <Filter Include="Monster\Spark">
      <UniqueIdentifier>{94a2439e-a381-419d-acd8-c340bc198d2b}</UniqueIdentifier>
    </Filter>
    <Filter Include="Monster\Ice">
      <UniqueIdentifier>{f6190281-a3e9-4212-b545-9391b2e774b4}</UniqueIdentifier>
    </Filter>
    <Filter Include="Monster\Fire">
      <UniqueIdentifier>{e6083353-6da0-4677-84d4-80063aa50f90}</UniqueIdentifier>
    </Filter>
    <Filter Include="Monster\Tornado">
      <UniqueIdentifier>{b8c47b16-cb58-490f-8de0-92cfd25a8fe5}</UniqueIdentifier>
    </Filter>
    <Filter Include="Global\Scene">
      <UniqueIdentifier>{3b8927b1-9155-45ce-84dd-9b0df5b5626c}</UniqueIdentifier>
    </Filter>
    <Filter Include="Player">
      <UniqueIdentifier>{4f2e2437-9c54-4a9f-b588-4c2a19a35768}</UniqueIdentifier>
    </Filter>
    <Filter Include="Player\Form">
      <UniqueIdentifier>{f4933eb1-b539-422d-95c0-9fc7313ac8b9}</UniqueIdentifier>
    </Filter>
    <Filter Include="Player\Form\Ice">
      <UniqueIdentifier>{4c8a9550-8f26-4760-ba56-3353f85c32ee}</UniqueIdentifier>
    </Filter>
    <Filter Include="Player\Form\Fire">
      <UniqueIdentifier>{02abce2e-df0a-404d-a946-a19adbb9e723}</UniqueIdentifier>
    </Filter>
    <Filter Include="Player\Form\Spark">
      <UniqueIdentifier>{861340bd-6bb2-4ab8-af11-af962473ac51}</UniqueIdentifier>
    </Filter>
    <Filter Include="Player\Form\Tornado">
      <UniqueIdentifier>{6f7f04db-c411-492f-9300-9e77ace68e8a}</UniqueIdentifier>
    </Filter>
    <Filter Include="Monster\Boss">
      <UniqueIdentifier>{cfc6ce35-4a2a-47d7-84a3-89ab85e95901}</UniqueIdentifier>
    </Filter>
    <Filter Include="Monster\Boss\BossAttackObject">
      <UniqueIdentifier>{95eda64c-b811-454b-bc5d-150a8160c7f4}</UniqueIdentifier>
    </Filter>
    <Filter Include="UI">
      <UniqueIdentifier>{9161a2a7-a2c4-4a3f-b388-cda68cb8917f}</UniqueIdentifier>
    </Filter>
    <Filter Include="Item">
      <UniqueIdentifier>{1b0b8138-c62d-4b62-8108-c722a7e5f52e}</UniqueIdentifier>
    </Filter>
  </ItemGroup>
</Project>