<?xml version="1.0" encoding="utf-8"?>
<Project ToolsVersion="4.0" xmlns="http://schemas.microsoft.com/developer/msbuild/2003">
  <ItemGroup>
    <ClInclude Include="TitleLevel.h">
      <Filter>Level</Filter>
    </ClInclude>
    <ClInclude Include="FirstStageLevel.h">
      <Filter>Level</Filter>
    </ClInclude>
    <ClInclude Include="SecondStageLevel.h">
      <Filter>Level</Filter>
    </ClInclude>
    <ClInclude Include="BossStageLevel.h">
      <Filter>Level</Filter>
    </ClInclude>
    <ClInclude Include="EndingLevel.h">
      <Filter>Level</Filter>
    </ClInclude>
    <ClInclude Include="KirbyCore.h" />
    <ClInclude Include="KirbyGameEnum.h" />
    <ClInclude Include="KirbyGameMap.h">
      <Filter>Map</Filter>
    </ClInclude>
    <ClInclude Include="KirbySword.h">
      <Filter>KirbyForm</Filter>
    </ClInclude>
    <ClInclude Include="BackGround.h">
      <Filter>Global</Filter>
    </ClInclude>
    <ClInclude Include="Monster.h">
      <Filter>Global</Filter>
    </ClInclude>
    <ClInclude Include="KirbyNormal.h">
      <Filter>Global</Filter>
    </ClInclude>
  </ItemGroup>
  <ItemGroup>
    <ClCompile Include="TitleLevel.cpp">
      <Filter>Level</Filter>
    </ClCompile>
    <ClCompile Include="FirstStageLevel.cpp">
      <Filter>Level</Filter>
    </ClCompile>
    <ClCompile Include="SecondStageLevel.cpp">
      <Filter>Level</Filter>
    </ClCompile>
    <ClCompile Include="BossStageLevel.cpp">
      <Filter>Level</Filter>
    </ClCompile>
    <ClCompile Include="EndingLevel.cpp">
      <Filter>Level</Filter>
    </ClCompile>
    <ClCompile Include="KirbyCore.cpp" />
    <ClCompile Include="KirbyGameMap.cpp">
      <Filter>Map</Filter>
    </ClCompile>
    <ClCompile Include="KirbySword.cpp">
      <Filter>KirbyForm</Filter>
    </ClCompile>
    <ClCompile Include="BackGround.cpp">
      <Filter>Global</Filter>
    </ClCompile>
    <ClCompile Include="Monster.cpp">
      <Filter>Global</Filter>
    </ClCompile>
    <ClCompile Include="KirbyNormal.cpp">
      <Filter>Global</Filter>
    </ClCompile>
  </ItemGroup>
  <ItemGroup>
    <Filter Include="Level">
      <UniqueIdentifier>{d5f0921c-9f50-4a4f-bef0-c360771f6c1c}</UniqueIdentifier>
    </Filter>
    <Filter Include="Global">
      <UniqueIdentifier>{ca9be298-be3d-402d-8a7c-07e3a4839929}</UniqueIdentifier>
    </Filter>
    <Filter Include="KirbyForm">
      <UniqueIdentifier>{606bd203-8d06-42b2-a48e-4d03b3cebd8a}</UniqueIdentifier>
    </Filter>
    <Filter Include="Map">
      <UniqueIdentifier>{3767a70c-d7f0-4932-8def-4b0c95b65e7b}</UniqueIdentifier>
    </Filter>
  </ItemGroup>
</Project>